// !$*UTF8*$!
{
	archiveVersion = 1;
	classes = {
	};
	objectVersion = 50;
	objects = {

/* Begin PBXBuildFile section */
		7024F6F225AFF8480048C04A /* AppDelegate.swift in Sources */ = {isa = PBXBuildFile; fileRef = 7024F6F125AFF8480048C04A /* AppDelegate.swift */; };
		7024F6F425AFF8480048C04A /* SceneDelegate.swift in Sources */ = {isa = PBXBuildFile; fileRef = 7024F6F325AFF8480048C04A /* SceneDelegate.swift */; };
		7024F6F625AFF8480048C04A /* ViewController.swift in Sources */ = {isa = PBXBuildFile; fileRef = 7024F6F525AFF8480048C04A /* ViewController.swift */; };
		7024F6F925AFF8480048C04A /* Main.storyboard in Resources */ = {isa = PBXBuildFile; fileRef = 7024F6F725AFF8480048C04A /* Main.storyboard */; };
		7024F6FB25AFF84C0048C04A /* Assets.xcassets in Resources */ = {isa = PBXBuildFile; fileRef = 7024F6FA25AFF84C0048C04A /* Assets.xcassets */; };
		7024F6FE25AFF84C0048C04A /* LaunchScreen.storyboard in Resources */ = {isa = PBXBuildFile; fileRef = 7024F6FC25AFF84C0048C04A /* LaunchScreen.storyboard */; };
/* End PBXBuildFile section */

/* Begin PBXFileReference section */
		7024F6EE25AFF8480048C04A /* New2.app */ = {isa = PBXFileReference; explicitFileType = wrapper.application; includeInIndex = 0; path = New2.app; sourceTree = BUILT_PRODUCTS_DIR; };
		7024F6F125AFF8480048C04A /* AppDelegate.swift */ = {isa = PBXFileReference; lastKnownFileType = sourcecode.swift; path = AppDelegate.swift; sourceTree = "<group>"; };
		7024F6F325AFF8480048C04A /* SceneDelegate.swift */ = {isa = PBXFileReference; lastKnownFileType = sourcecode.swift; path = SceneDelegate.swift; sourceTree = "<group>"; };
		7024F6F525AFF8480048C04A /* ViewController.swift */ = {isa = PBXFileReference; lastKnownFileType = sourcecode.swift; path = ViewController.swift; sourceTree = "<group>"; };
		7024F6F825AFF8480048C04A /* Base */ = {isa = PBXFileReference; lastKnownFileType = file.storyboard; name = Base; path = Base.lproj/Main.storyboard; sourceTree = "<group>"; };
		7024F6FA25AFF84C0048C04A /* Assets.xcassets */ = {isa = PBXFileReference; lastKnownFileType = folder.assetcatalog; path = Assets.xcassets; sourceTree = "<group>"; };
		7024F6FD25AFF84C0048C04A /* Base */ = {isa = PBXFileReference; lastKnownFileType = file.storyboard; name = Base; path = Base.lproj/LaunchScreen.storyboard; sourceTree = "<group>"; };
		7024F6FF25AFF84C0048C04A /* Info.plist */ = {isa = PBXFileReference; lastKnownFileType = text.plist.xml; path = Info.plist; sourceTree = "<group>"; };
/* End PBXFileReference section */

/* Begin PBXFrameworksBuildPhase section */
		7024F6EB25AFF8480048C04A /* Frameworks */ = {
			isa = PBXFrameworksBuildPhase;
			buildActionMask = 2147483647;
			files = (
			);
			runOnlyForDeploymentPostprocessing = 0;
		};
/* End PBXFrameworksBuildPhase section */

/* Begin PBXGroup section */
		7024F6E525AFF8480048C04A = {
			isa = PBXGroup;
			children = (
				7024F6F025AFF8480048C04A /* New2 */,
				7024F6EF25AFF8480048C04A /* Products */,
			);
			sourceTree = "<group>";
		};
		7024F6EF25AFF8480048C04A /* Products */ = {
			isa = PBXGroup;
			children = (
				7024F6EE25AFF8480048C04A /* New2.app */,
			);
			name = Products;
			sourceTree = "<group>";
		};
		7024F6F025AFF8480048C04A /* New2 */ = {
			isa = PBXGroup;
			children = (
				7024F6F125AFF8480048C04A /* AppDelegate.swift */,
				7024F6F325AFF8480048C04A /* SceneDelegate.swift */,
				7024F6F525AFF8480048C04A /* ViewController.swift */,
				7024F6F725AFF8480048C04A /* Main.storyboard */,
				7024F6FA25AFF84C0048C04A /* Assets.xcassets */,
				7024F6FC25AFF84C0048C04A /* LaunchScreen.storyboard */,
				7024F6FF25AFF84C0048C04A /* Info.plist */,
			);
			path = New2;
			sourceTree = "<group>";
		};
/* End PBXGroup section */

/* Begin PBXNativeTarget section */
		7024F6ED25AFF8480048C04A /* New2 */ = {
			isa = PBXNativeTarget;
			buildConfigurationList = 7024F70225AFF84C0048C04A /* Build configuration list for PBXNativeTarget "New2" */;
			buildPhases = (
				7024F6EA25AFF8480048C04A /* Sources */,
				7024F6EB25AFF8480048C04A /* Frameworks */,
				7024F6EC25AFF8480048C04A /* Resources */,
			);
			buildRules = (
			);
			dependencies = (
			);
			name = New2;
			productName = New2;
			productReference = 7024F6EE25AFF8480048C04A /* New2.app */;
			productType = "com.apple.product-type.application";
		};
/* End PBXNativeTarget section */

/* Begin PBXProject section */
		7024F6E625AFF8480048C04A /* Project object */ = {
			isa = PBXProject;
			attributes = {
				LastSwiftUpdateCheck = 1230;
				LastUpgradeCheck = 1230;
				TargetAttributes = {
					7024F6ED25AFF8480048C04A = {
						CreatedOnToolsVersion = 12.3;
					};
				};
			};
			buildConfigurationList = 7024F6E925AFF8480048C04A /* Build configuration list for PBXProject "New2" */;
			compatibilityVersion = "Xcode 9.3";
			developmentRegion = en;
			hasScannedForEncodings = 0;
			knownRegions = (
				en,
				Base,
			);
			mainGroup = 7024F6E525AFF8480048C04A;
			productRefGroup = 7024F6EF25AFF8480048C04A /* Products */;
			projectDirPath = "";
			projectRoot = "";
			targets = (
				7024F6ED25AFF8480048C04A /* New2 */,
			);
		};
/* End PBXProject section */

/* Begin PBXResourcesBuildPhase section */
		7024F6EC25AFF8480048C04A /* Resources */ = {
			isa = PBXResourcesBuildPhase;
			buildActionMask = 2147483647;
			files = (
				7024F6FE25AFF84C0048C04A /* LaunchScreen.storyboard in Resources */,
				7024F6FB25AFF84C0048C04A /* Assets.xcassets in Resources */,
				7024F6F925AFF8480048C04A /* Main.storyboard in Resources */,
			);
			runOnlyForDeploymentPostprocessing = 0;
		};
/* End PBXResourcesBuildPhase section */

/* Begin PBXSourcesBuildPhase section */
		7024F6EA25AFF8480048C04A /* Sources */ = {
			isa = PBXSourcesBuildPhase;
			buildActionMask = 2147483647;
			files = (
				7024F6F625AFF8480048C04A /* ViewController.swift in Sources */,
				7024F6F225AFF8480048C04A /* AppDelegate.swift in Sources */,
				7024F6F425AFF8480048C04A /* SceneDelegate.swift in Sources */,
			);
			runOnlyForDeploymentPostprocessing = 0;
		};
/* End PBXSourcesBuildPhase section */

/* Begin PBXVariantGroup section */
		7024F6F725AFF8480048C04A /* Main.storyboard */ = {
			isa = PBXVariantGroup;
			children = (
				7024F6F825AFF8480048C04A /* Base */,
			);
			name = Main.storyboard;
			sourceTree = "<group>";
		};
		7024F6FC25AFF84C0048C04A /* LaunchScreen.storyboard */ = {
			isa = PBXVariantGroup;
			children = (
				7024F6FD25AFF84C0048C04A /* Base */,
			);
			name = LaunchScreen.storyboard;
			sourceTree = "<group>";
		};
/* End PBXVariantGroup section */

/* Begin XCBuildConfiguration section */
		7024F70025AFF84C0048C04A /* Debug */ = {
			isa = XCBuildConfiguration;
			buildSettings = {
				ALWAYS_SEARCH_USER_PATHS = NO;
				CLANG_ANALYZER_NONNULL = YES;
				CLANG_ANALYZER_NUMBER_OBJECT_CONVERSION = YES_AGGRESSIVE;
				CLANG_CXX_LANGUAGE_STANDARD = "gnu++14";
				CLANG_CXX_LIBRARY = "libc++";
				CLANG_ENABLE_MODULES = YES;
				CLANG_ENABLE_OBJC_ARC = YES;
				CLANG_ENABLE_OBJC_WEAK = YES;
				CLANG_WARN_BLOCK_CAPTURE_AUTORELEASING = YES;
				CLANG_WARN_BOOL_CONVERSION = YES;
				CLANG_WARN_COMMA = YES;
				CLANG_WARN_CONSTANT_CONVERSION = YES;
				CLANG_WARN_DEPRECATED_OBJC_IMPLEMENTATIONS = YES;
				CLANG_WARN_DIRECT_OBJC_ISA_USAGE = YES_ERROR;
				CLANG_WARN_DOCUMENTATION_COMMENTS = YES;
				CLANG_WARN_EMPTY_BODY = YES;
				CLANG_WARN_ENUM_CONVERSION = YES;
				CLANG_WARN_INFINITE_RECURSION = YES;
				CLANG_WARN_INT_CONVERSION = YES;
				CLANG_WARN_NON_LITERAL_NULL_CONVERSION = YES;
				CLANG_WARN_OBJC_IMPLICIT_RETAIN_SELF = YES;
				CLANG_WARN_OBJC_LITERAL_CONVERSION = YES;
				CLANG_WARN_OBJC_ROOT_CLASS = YES_ERROR;
				CLANG_WARN_QUOTED_INCLUDE_IN_FRAMEWORK_HEADER = YES;
				CLANG_WARN_RANGE_LOOP_ANALYSIS = YES;
				CLANG_WARN_STRICT_PROTOTYPES = YES;
				CLANG_WARN_SUSPICIOUS_MOVE = YES;
				CLANG_WARN_UNGUARDED_AVAILABILITY = YES_AGGRESSIVE;
				CLANG_WARN_UNREACHABLE_CODE = YES;
				CLANG_WARN__DUPLICATE_METHOD_MATCH = YES;
				COPY_PHASE_STRIP = NO;
				DEBUG_INFORMATION_FORMAT = dwarf;
				ENABLE_STRICT_OBJC_MSGSEND = YES;
				ENABLE_TESTABILITY = YES;
				GCC_C_LANGUAGE_STANDARD = gnu11;
				GCC_DYNAMIC_NO_PIC = NO;
				GCC_NO_COMMON_BLOCKS = YES;
				GCC_OPTIMIZATION_LEVEL = 0;
				GCC_PREPROCESSOR_DEFINITIONS = (
					"DEBUG=1",
					"$(inherited)",
				);
				GCC_WARN_64_TO_32_BIT_CONVERSION = YES;
				GCC_WARN_ABOUT_RETURN_TYPE = YES_ERROR;
				GCC_WARN_UNDECLARED_SELECTOR = YES;
				GCC_WARN_UNINITIALIZED_AUTOS = YES_AGGRESSIVE;
				GCC_WARN_UNUSED_FUNCTION = YES;
				GCC_WARN_UNUSED_VARIABLE = YES;
				IPHONEOS_DEPLOYMENT_TARGET = 14.3;
				MTL_ENABLE_DEBUG_INFO = INCLUDE_SOURCE;
				MTL_FAST_MATH = YES;
				ONLY_ACTIVE_ARCH = YES;
				SDKROOT = iphoneos;
				SWIFT_ACTIVE_COMPILATION_CONDITIONS = DEBUG;
				SWIFT_OPTIMIZATION_LEVEL = "-Onone";
			};
			name = Debug;
		};
		7024F70125AFF84C0048C04A /* Release */ = {
			isa = XCBuildConfiguration;
			buildSettings = {
				ALWAYS_SEARCH_USER_PATHS = NO;
				CLANG_ANALYZER_NONNULL = YES;
				CLANG_ANALYZER_NUMBER_OBJECT_CONVERSION = YES_AGGRESSIVE;
				CLANG_CXX_LANGUAGE_STANDARD = "gnu++14";
				CLANG_CXX_LIBRARY = "libc++";
				CLANG_ENABLE_MODULES = YES;
				CLANG_ENABLE_OBJC_ARC = YES;
				CLANG_ENABLE_OBJC_WEAK = YES;
				CLANG_WARN_BLOCK_CAPTURE_AUTORELEASING = YES;
				CLANG_WARN_BOOL_CONVERSION = YES;
				CLANG_WARN_COMMA = YES;
				CLANG_WARN_CONSTANT_CONVERSION = YES;
				CLANG_WARN_DEPRECATED_OBJC_IMPLEMENTATIONS = YES;
				CLANG_WARN_DIRECT_OBJC_ISA_USAGE = YES_ERROR;
				CLANG_WARN_DOCUMENTATION_COMMENTS = YES;
				CLANG_WARN_EMPTY_BODY = YES;
				CLANG_WARN_ENUM_CONVERSION = YES;
				CLANG_WARN_INFINITE_RECURSION = YES;
				CLANG_WARN_INT_CONVERSION = YES;
				CLANG_WARN_NON_LITERAL_NULL_CONVERSION = YES;
				CLANG_WARN_OBJC_IMPLICIT_RETAIN_SELF = YES;
				CLANG_WARN_OBJC_LITERAL_CONVERSION = YES;
				CLANG_WARN_OBJC_ROOT_CLASS = YES_ERROR;
				CLANG_WARN_QUOTED_INCLUDE_IN_FRAMEWORK_HEADER = YES;
				CLANG_WARN_RANGE_LOOP_ANALYSIS = YES;
				CLANG_WARN_STRICT_PROTOTYPES = YES;
				CLANG_WARN_SUSPICIOUS_MOVE = YES;
				CLANG_WARN_UNGUARDED_AVAILABILITY = YES_AGGRESSIVE;
				CLANG_WARN_UNREACHABLE_CODE = YES;
				CLANG_WARN__DUPLICATE_METHOD_MATCH = YES;
				COPY_PHASE_STRIP = NO;
				DEBUG_INFORMATION_FORMAT = "dwarf-with-dsym";
				ENABLE_NS_ASSERTIONS = NO;
				ENABLE_STRICT_OBJC_MSGSEND = YES;
				GCC_C_LANGUAGE_STANDARD = gnu11;
				GCC_NO_COMMON_BLOCKS = YES;
				GCC_WARN_64_TO_32_BIT_CONVERSION = YES;
				GCC_WARN_ABOUT_RETURN_TYPE = YES_ERROR;
				GCC_WARN_UNDECLARED_SELECTOR = YES;
				GCC_WARN_UNINITIALIZED_AUTOS = YES_AGGRESSIVE;
				GCC_WARN_UNUSED_FUNCTION = YES;
				GCC_WARN_UNUSED_VARIABLE = YES;
				IPHONEOS_DEPLOYMENT_TARGET = 14.3;
				MTL_ENABLE_DEBUG_INFO = NO;
				MTL_FAST_MATH = YES;
				SDKROOT = iphoneos;
				SWIFT_COMPILATION_MODE = wholemodule;
				SWIFT_OPTIMIZATION_LEVEL = "-O";
				VALIDATE_PRODUCT = YES;
			};
			name = Release;
		};
		7024F70325AFF84C0048C04A /* Debug */ = {
			isa = XCBuildConfiguration;
			buildSettings = {
				ASSETCATALOG_COMPILER_APPICON_NAME = AppIcon;
				ASSETCATALOG_COMPILER_GLOBAL_ACCENT_COLOR_NAME = AccentColor;
				CODE_SIGN_STYLE = Automatic;
				DEVELOPMENT_TEAM = 6925UVH9D7;
				INFOPLIST_FILE = New2/Info.plist;
				LD_RUNPATH_SEARCH_PATHS = (
					"$(inherited)",
					"@executable_path/Frameworks",
				);
				PRODUCT_BUNDLE_IDENTIFIER = com.jenny.New2;
				PRODUCT_NAME = "$(TARGET_NAME)";
				SWIFT_VERSION = 5.0;
				TARGETED_DEVICE_FAMILY = "1,2";
			};
			name = Debug;
		};
		7024F70425AFF84C0048C04A /* Release */ = {
			isa = XCBuildConfiguration;
			buildSettings = {
				ASSETCATALOG_COMPILER_APPICON_NAME = AppIcon;
				ASSETCATALOG_COMPILER_GLOBAL_ACCENT_COLOR_NAME = AccentColor;
				CODE_SIGN_STYLE = Automatic;
				DEVELOPMENT_TEAM = 6925UVH9D7;
				INFOPLIST_FILE = New2/Info.plist;
				LD_RUNPATH_SEARCH_PATHS = (
					"$(inherited)",
					"@executable_path/Frameworks",
				);
				PRODUCT_BUNDLE_IDENTIFIER = com.jenny.New2;
				PRODUCT_NAME = "$(TARGET_NAME)";
				SWIFT_VERSION = 5.0;
				TARGETED_DEVICE_FAMILY = "1,2";
			};
			name = Release;
		};
/* End XCBuildConfiguration section */

/* Begin XCConfigurationList section */
		7024F6E925AFF8480048C04A /* Build configuration list for PBXProject "New2" */ = {
			isa = XCConfigurationList;
			buildConfigurations = (
				7024F70025AFF84C0048C04A /* Debug */,
				7024F70125AFF84C0048C04A /* Release */,
			);
			defaultConfigurationIsVisible = 0;
			defaultConfigurationName = Release;
		};
		7024F70225AFF84C0048C04A /* Build configuration list for PBXNativeTarget "New2" */ = {
			isa = XCConfigurationList;
			buildConfigurations = (
				7024F70325AFF84C0048C04A /* Debug */,
				7024F70425AFF84C0048C04A /* Release */,
			);
			defaultConfigurationIsVisible = 0;
			defaultConfigurationName = Release;
		};
/* End XCConfigurationList section */
	};
	rootObject = 7024F6E625AFF8480048C04A /* Project object */;
}
